
Microsoft Visual Studio Solution File, Format Version 12.00
# Visual Studio 15
VisualStudioVersion = 15.0.27130.2036
MinimumVisualStudioVersion = 10.0.40219.1
Project("{D2ABAB84-BF74-430A-B69E-9DC6D40DDA17}") = "MultidimensionalProject1", "MultidimensionalProject1\MultidimensionalProject1.dwproj", "{E1DD3482-156A-42DE-A953-DC55CD1FAE3E}"
EndProject
Global
	GlobalSection(SolutionConfigurationPlatforms) = preSolution
		Development|Default = Development|Default
	EndGlobalSection
	GlobalSection(ProjectConfigurationPlatforms) = postSolution
		{E1DD3482-156A-42DE-A953-DC55CD1FAE3E}.Development|Default.ActiveCfg = Development
		{E1DD3482-156A-42DE-A953-DC55CD1FAE3E}.Development|Default.Build.0 = Development
		{E1DD3482-156A-42DE-A953-DC55CD1FAE3E}.Development|Default.Deploy.0 = Development
	EndGlobalSection
	GlobalSection(SolutionProperties) = preSolution
		HideSolutionNode = FALSE
	EndGlobalSection
	GlobalSection(ExtensibilityGlobals) = postSolution
		SolutionGuid = {D85F6909-B017-49DC-B890-5D48B65DD063}
	EndGlobalSection
EndGlobal
