
Microsoft Visual Studio Solution File, Format Version 12.00
# Visual Studio 15
VisualStudioVersion = 15.0.27428.2015
MinimumVisualStudioVersion = 10.0.40219.1
Project("{159641D6-6404-4A2A-AE62-294DE0FE8301}") = "iter_3", "iter_3\iter_3.dtproj", "{0FBC1605-9A84-47B8-97AA-318A3B162EA6}"
EndProject
Global
	GlobalSection(SolutionConfigurationPlatforms) = preSolution
		Development|Default = Development|Default
	EndGlobalSection
	GlobalSection(ProjectConfigurationPlatforms) = postSolution
		{0FBC1605-9A84-47B8-97AA-318A3B162EA6}.Development|Default.ActiveCfg = Development
		{0FBC1605-9A84-47B8-97AA-318A3B162EA6}.Development|Default.Build.0 = Development
	EndGlobalSection
	GlobalSection(SolutionProperties) = preSolution
		HideSolutionNode = FALSE
	EndGlobalSection
	GlobalSection(ExtensibilityGlobals) = postSolution
		SolutionGuid = {7D9006B3-91B6-4D56-95AC-3C61015CDDE6}
	EndGlobalSection
EndGlobal
